Microsoft Visual Studio Solution File, Format Version 12.00
# Visual Studio Version 17
VisualStudioVersion = 17.5.2.0
MinimumVisualStudioVersion = 10.0.40219.1
Project("{FAE04EC0-301F-11D3-BF4B-00C04F79EFBC}") = "streamer-bot-csharp", "streamer-bot-csharp.csproj", "{53B75117-961A-BAFC-7193-C5F56D8EDCF5}"
EndProject
Global
	GlobalSection(SolutionConfigurationPlatforms) = preSolution
		Debug|Any CPU = Debug|Any CPU
		Release|Any CPU = Release|Any CPU
	EndGlobalSection
	GlobalSection(ProjectConfigurationPlatforms) = postSolution
		{53B75117-961A-BAFC-7193-C5F56D8EDCF5}.Debug|Any CPU.ActiveCfg = Debug|Any CPU
		{53B75117-961A-BAFC-7193-C5F56D8EDCF5}.Debug|Any CPU.Build.0 = Debug|Any CPU
		{53B75117-961A-BAFC-7193-C5F56D8EDCF5}.Release|Any CPU.ActiveCfg = Release|Any CPU
		{53B75117-961A-BAFC-7193-C5F56D8EDCF5}.Release|Any CPU.Build.0 = Release|Any CPU
	EndGlobalSection
	GlobalSection(SolutionProperties) = preSolution
		HideSolutionNode = FALSE
	EndGlobalSection
	GlobalSection(ExtensibilityGlobals) = postSolution
		SolutionGuid = {92C177B4-F401-493C-9C92-70539B09B737}
	EndGlobalSection
EndGlobal
